
Microsoft Visual Studio Solution File, Format Version 12.00
# Visual Studio 15
VisualStudioVersion = 15.0.26730.12
MinimumVisualStudioVersion = 10.0.40219.1
Project("{FAE04EC0-301F-11D3-BF4B-00C04F79EFBC}") = "1Greetings", "1Greetings\1Greetings.csproj", "{47EAB14B-5612-4BF2-AFF3-9674BCABFC81}"
EndProject
Project("{FAE04EC0-301F-11D3-BF4B-00C04F79EFBC}") = "3EmployeeData", "2AddTwoNum\3EmployeeData.csproj", "{D1D10FEE-9904-4948-BC02-0A2606853176}"
EndProject
Project("{FAE04EC0-301F-11D3-BF4B-00C04F79EFBC}") = "2AddTwoNum", "02AddTwoNum\2AddTwoNum.csproj", "{0BE89561-CF65-4AAF-9608-928BB5F6BECB}"
EndProject
Project("{FAE04EC0-301F-11D3-BF4B-00C04F79EFBC}") = "4DebitCardNum", "1DebitCardNum\4DebitCardNum.csproj", "{AF510332-0EE7-4C96-A7D5-964D7F39F9C6}"
EndProject
Project("{FAE04EC0-301F-11D3-BF4B-00C04F79EFBC}") = "5RectangleArea", "5RectangleArea\5RectangleArea.csproj", "{B3989878-93A7-484A-BD2E-E1DB4A02EB5C}"
EndProject
Project("{FAE04EC0-301F-11D3-BF4B-00C04F79EFBC}") = "6KmToMilles", "5KmToMilles\6KmToMilles.csproj", "{3E409D48-5B37-4A0E-9F22-E175BBE47AEA}"
EndProject
Project("{FAE04EC0-301F-11D3-BF4B-00C04F79EFBC}") = "7Lebels", "7Lebels\7Lebels.csproj", "{08834EE8-A6A0-4758-8EDF-4C02B985165A}"
EndProject
Project("{FAE04EC0-301F-11D3-BF4B-00C04F79EFBC}") = "8CharacterStats", "8CharacterStats\8CharacterStats.csproj", "{5F043179-EB68-469E-BA7F-FCF269887B14}"
EndProject
Project("{FAE04EC0-301F-11D3-BF4B-00C04F79EFBC}") = "9Passed4", "9Passed4\9Passed4.csproj", "{E77E6A82-4559-46DC-8C94-DE8BFD4A75B5}"
EndProject
Project("{FAE04EC0-301F-11D3-BF4B-00C04F79EFBC}") = "10PassedFaild", "10PassedFaild\10PassedFaild.csproj", "{3920A9CA-44D6-43C5-9717-0322C30A2780}"
EndProject
Project("{FAE04EC0-301F-11D3-BF4B-00C04F79EFBC}") = "11BackIn30min", "11BackIn30min\11BackIn30min.csproj", "{A376C94F-06B0-4A8E-A72E-C9F6D2E2C382}"
EndProject
Project("{FAE04EC0-301F-11D3-BF4B-00C04F79EFBC}") = "12Month", "12Month\12Month.csproj", "{D37CCD9F-9E13-4102-8E34-5898C8556EE1}"
EndProject
Project("{FAE04EC0-301F-11D3-BF4B-00C04F79EFBC}") = "13ForeignLanguege", "13ForeignLanguege\13ForeignLanguege.csproj", "{8498F04D-C183-46A2-A97A-613686CCBACF}"
EndProject
Project("{FAE04EC0-301F-11D3-BF4B-00C04F79EFBC}") = "14TheaterTickets", "14TheaterTickets\14TheaterTickets.csproj", "{1915FB5B-A9B4-445B-8325-C0F19BA602F8}"
EndProject
Project("{FAE04EC0-301F-11D3-BF4B-00C04F79EFBC}") = "15DevisibleByTree", "15DevisibleByTree\15DevisibleByTree.csproj", "{9AEB0011-9E04-4358-A21A-2C5E1F0D332D}"
EndProject
Project("{FAE04EC0-301F-11D3-BF4B-00C04F79EFBC}") = "16SumOfOddNumbers", "16SumOfOddNumbers\16SumOfOddNumbers.csproj", "{23E3D5C1-03BA-427D-9279-30762EFA220F}"
EndProject
Project("{FAE04EC0-301F-11D3-BF4B-00C04F79EFBC}") = "17MultiplicationTable", "17MultiplicationTable\17MultiplicationTable.csproj", "{344E15F1-B3FD-442A-A3EE-7B072B5FA2FA}"
EndProject
Project("{FAE04EC0-301F-11D3-BF4B-00C04F79EFBC}") = "18MultiplicationTable2", "18MultiplicationTable2\18MultiplicationTable2.csproj", "{A8CC1F01-296B-4E97-B636-678F2C9D90BC}"
EndProject
Project("{FAE04EC0-301F-11D3-BF4B-00C04F79EFBC}") = "19OddNum", "19OddNum\19OddNum.csproj", "{161D8578-432E-4AAF-BCBC-77E521D8990E}"
EndProject
Project("{FAE04EC0-301F-11D3-BF4B-00C04F79EFBC}") = "20NumberChecker", "20NumberChecker\20NumberChecker.csproj", "{0998AE33-813C-4E1F-A104-50434181A3DD}"
EndProject
Project("{FAE04EC0-301F-11D3-BF4B-00C04F79EFBC}") = "21ChooseADrink", "21ChooseADrink\21ChooseADrink.csproj", "{3C3E2D16-4BD7-4A59-8261-7E54F30B5623}"
EndProject
Project("{FAE04EC0-301F-11D3-BF4B-00C04F79EFBC}") = "22ChooseADrink2", "22ChooseADrink2\22ChooseADrink2.csproj", "{B9BEDEE4-5E4F-4CD8-9EBB-06F88E723E3F}"
EndProject
Project("{FAE04EC0-301F-11D3-BF4B-00C04F79EFBC}") = "23ResturantDiscount", "22ResturantDiscount\23ResturantDiscount.csproj", "{98E84B4D-7C6B-4DFE-B22E-0B234F7E675C}"
EndProject
Project("{FAE04EC0-301F-11D3-BF4B-00C04F79EFBC}") = "24Hotel", "ConsoleApp1\24Hotel.csproj", "{465C8ECB-CF45-4B57-8AD4-B76FAE31221A}"
EndProject
Project("{FAE04EC0-301F-11D3-BF4B-00C04F79EFBC}") = "25WordInPlural", "25WordInPlural\25WordInPlural.csproj", "{861001D9-7F18-4D7B-A3CC-2F67A4A77BE0}"
EndProject
Project("{FAE04EC0-301F-11D3-BF4B-00C04F79EFBC}") = "26IntervalOfNumbers", "26IntervalOfNumbers\26IntervalOfNumbers.csproj", "{FA47647C-1999-4416-A36C-6B3CC1D88724}"
EndProject
Project("{FAE04EC0-301F-11D3-BF4B-00C04F79EFBC}") = "27CakeIngreedeants", "27CakeIngreedeants\27CakeIngreedeants.csproj", "{DCF22B5C-4A4B-4153-906D-2CE4B567926B}"
EndProject
Project("{FAE04EC0-301F-11D3-BF4B-00C04F79EFBC}") = "28CaloriesCounter", "28CaloriesCounter\28CaloriesCounter.csproj", "{6BFB0BFC-A53D-41F5-9703-FC3CE97866ED}"
EndProject
Project("{FAE04EC0-301F-11D3-BF4B-00C04F79EFBC}") = "29CountIntegers", "29CountIntegers\29CountIntegers.csproj", "{02F5EB8B-1FAD-4B27-B08D-77BE28A8AE6F}"
EndProject
Project("{FAE04EC0-301F-11D3-BF4B-00C04F79EFBC}") = "30TriangleOfNum", "30TriangleOfNum\30TriangleOfNum.csproj", "{263A7C12-5445-439A-85DE-05201803E1BB}"
EndProject
Project("{FAE04EC0-301F-11D3-BF4B-00C04F79EFBC}") = "31DifferentNum", "31DifferentNum\31DifferentNum.csproj", "{7B63F2EA-5988-4E5A-BCF5-F22345D5E286}"
EndProject
Project("{FAE04EC0-301F-11D3-BF4B-00C04F79EFBC}") = "32TestNumbers", "32TestNumbers\32TestNumbers.csproj", "{8FAC3288-090F-42AF-9CFB-CCA598522DF8}"
EndProject
Project("{FAE04EC0-301F-11D3-BF4B-00C04F79EFBC}") = "33GameOfNum", "33GameOfNum\33GameOfNum.csproj", "{D0CD8599-9F36-4EC0-BEE8-9691B9F77507}"
EndProject
Project("{FAE04EC0-301F-11D3-BF4B-00C04F79EFBC}") = "34MagicLetters", "34MagicLetters\34MagicLetters.csproj", "{E1EC7606-42C4-403B-82CB-10C9654A23ED}"
EndProject
Project("{FAE04EC0-301F-11D3-BF4B-00C04F79EFBC}") = "35NeighbourWars", "35NeighbourWars\35NeighbourWars.csproj", "{A3C3905C-FADE-42BD-82B5-E8FAD2B973B0}"
EndProject
Project("{FAE04EC0-301F-11D3-BF4B-00C04F79EFBC}") = "36X", "36X\36X.csproj", "{F693EC91-5F85-4F09-9867-1B9EF0A3B8A4}"
EndProject
Project("{FAE04EC0-301F-11D3-BF4B-00C04F79EFBC}") = "37VaporStore.NotComplete", "37VaporStore\37VaporStore.NotComplete.csproj", "{C844A1B5-6A71-4606-80E1-34011B29AE55}"
EndProject
Project("{FAE04EC0-301F-11D3-BF4B-00C04F79EFBC}") = "38DebitCardNumber", "38DebitCardNumber\38DebitCardNumber.csproj", "{B6083BBD-66F5-4630-A18C-B0EDBC130FFE}"
EndProject
Project("{FAE04EC0-301F-11D3-BF4B-00C04F79EFBC}") = "39RectangleArea", "39RectangleArea\39RectangleArea.csproj", "{739ED833-93A9-451D-B552-B81C6435DC99}"
EndProject
Project("{FAE04EC0-301F-11D3-BF4B-00C04F79EFBC}") = "40MilesToKillometars", "40MilesToKillometars\40MilesToKillometars.csproj", "{6131E20D-C44F-4808-BD33-B36BCC0698B7}"
EndProject
Project("{FAE04EC0-301F-11D3-BF4B-00C04F79EFBC}") = "41BavarageLabel", "41BavarageLabel\41BavarageLabel.csproj", "{1D41B2D1-8811-4E07-89D5-AC8B40EF5176}"
EndProject
Project("{FAE04EC0-301F-11D3-BF4B-00C04F79EFBC}") = "42CharacterStats", "42CharacterStats\42CharacterStats.csproj", "{C19FAEA1-0940-4F57-AB62-30C5EA1FB8F1}"
EndProject
Project("{FAE04EC0-301F-11D3-BF4B-00C04F79EFBC}") = "43ComparingFloats", "43ComparingFloats\43ComparingFloats.csproj", "{CD1066B7-CFA1-47CF-8607-B26B9D2CDAF5}"
EndProject
Global
	GlobalSection(SolutionConfigurationPlatforms) = preSolution
		Debug|Any CPU = Debug|Any CPU
		Release|Any CPU = Release|Any CPU
	EndGlobalSection
	GlobalSection(ProjectConfigurationPlatforms) = postSolution
		{47EAB14B-5612-4BF2-AFF3-9674BCABFC81}.Debug|Any CPU.ActiveCfg = Debug|Any CPU
		{47EAB14B-5612-4BF2-AFF3-9674BCABFC81}.Debug|Any CPU.Build.0 = Debug|Any CPU
		{47EAB14B-5612-4BF2-AFF3-9674BCABFC81}.Release|Any CPU.ActiveCfg = Release|Any CPU
		{47EAB14B-5612-4BF2-AFF3-9674BCABFC81}.Release|Any CPU.Build.0 = Release|Any CPU
		{D1D10FEE-9904-4948-BC02-0A2606853176}.Debug|Any CPU.ActiveCfg = Debug|Any CPU
		{D1D10FEE-9904-4948-BC02-0A2606853176}.Debug|Any CPU.Build.0 = Debug|Any CPU
		{D1D10FEE-9904-4948-BC02-0A2606853176}.Release|Any CPU.ActiveCfg = Release|Any CPU
		{D1D10FEE-9904-4948-BC02-0A2606853176}.Release|Any CPU.Build.0 = Release|Any CPU
		{0BE89561-CF65-4AAF-9608-928BB5F6BECB}.Debug|Any CPU.ActiveCfg = Debug|Any CPU
		{0BE89561-CF65-4AAF-9608-928BB5F6BECB}.Debug|Any CPU.Build.0 = Debug|Any CPU
		{0BE89561-CF65-4AAF-9608-928BB5F6BECB}.Release|Any CPU.ActiveCfg = Release|Any CPU
		{0BE89561-CF65-4AAF-9608-928BB5F6BECB}.Release|Any CPU.Build.0 = Release|Any CPU
		{AF510332-0EE7-4C96-A7D5-964D7F39F9C6}.Debug|Any CPU.ActiveCfg = Debug|Any CPU
		{AF510332-0EE7-4C96-A7D5-964D7F39F9C6}.Debug|Any CPU.Build.0 = Debug|Any CPU
		{AF510332-0EE7-4C96-A7D5-964D7F39F9C6}.Release|Any CPU.ActiveCfg = Release|Any CPU
		{AF510332-0EE7-4C96-A7D5-964D7F39F9C6}.Release|Any CPU.Build.0 = Release|Any CPU
		{B3989878-93A7-484A-BD2E-E1DB4A02EB5C}.Debug|Any CPU.ActiveCfg = Debug|Any CPU
		{B3989878-93A7-484A-BD2E-E1DB4A02EB5C}.Debug|Any CPU.Build.0 = Debug|Any CPU
		{B3989878-93A7-484A-BD2E-E1DB4A02EB5C}.Release|Any CPU.ActiveCfg = Release|Any CPU
		{B3989878-93A7-484A-BD2E-E1DB4A02EB5C}.Release|Any CPU.Build.0 = Release|Any CPU
		{3E409D48-5B37-4A0E-9F22-E175BBE47AEA}.Debug|Any CPU.ActiveCfg = Debug|Any CPU
		{3E409D48-5B37-4A0E-9F22-E175BBE47AEA}.Debug|Any CPU.Build.0 = Debug|Any CPU
		{3E409D48-5B37-4A0E-9F22-E175BBE47AEA}.Release|Any CPU.ActiveCfg = Release|Any CPU
		{3E409D48-5B37-4A0E-9F22-E175BBE47AEA}.Release|Any CPU.Build.0 = Release|Any CPU
		{08834EE8-A6A0-4758-8EDF-4C02B985165A}.Debug|Any CPU.ActiveCfg = Debug|Any CPU
		{08834EE8-A6A0-4758-8EDF-4C02B985165A}.Debug|Any CPU.Build.0 = Debug|Any CPU
		{08834EE8-A6A0-4758-8EDF-4C02B985165A}.Release|Any CPU.ActiveCfg = Release|Any CPU
		{08834EE8-A6A0-4758-8EDF-4C02B985165A}.Release|Any CPU.Build.0 = Release|Any CPU
		{5F043179-EB68-469E-BA7F-FCF269887B14}.Debug|Any CPU.ActiveCfg = Debug|Any CPU
		{5F043179-EB68-469E-BA7F-FCF269887B14}.Debug|Any CPU.Build.0 = Debug|Any CPU
		{5F043179-EB68-469E-BA7F-FCF269887B14}.Release|Any CPU.ActiveCfg = Release|Any CPU
		{5F043179-EB68-469E-BA7F-FCF269887B14}.Release|Any CPU.Build.0 = Release|Any CPU
		{E77E6A82-4559-46DC-8C94-DE8BFD4A75B5}.Debug|Any CPU.ActiveCfg = Debug|Any CPU
		{E77E6A82-4559-46DC-8C94-DE8BFD4A75B5}.Debug|Any CPU.Build.0 = Debug|Any CPU
		{E77E6A82-4559-46DC-8C94-DE8BFD4A75B5}.Release|Any CPU.ActiveCfg = Release|Any CPU
		{E77E6A82-4559-46DC-8C94-DE8BFD4A75B5}.Release|Any CPU.Build.0 = Release|Any CPU
		{3920A9CA-44D6-43C5-9717-0322C30A2780}.Debug|Any CPU.ActiveCfg = Debug|Any CPU
		{3920A9CA-44D6-43C5-9717-0322C30A2780}.Debug|Any CPU.Build.0 = Debug|Any CPU
		{3920A9CA-44D6-43C5-9717-0322C30A2780}.Release|Any CPU.ActiveCfg = Release|Any CPU
		{3920A9CA-44D6-43C5-9717-0322C30A2780}.Release|Any CPU.Build.0 = Release|Any CPU
		{A376C94F-06B0-4A8E-A72E-C9F6D2E2C382}.Debug|Any CPU.ActiveCfg = Debug|Any CPU
		{A376C94F-06B0-4A8E-A72E-C9F6D2E2C382}.Debug|Any CPU.Build.0 = Debug|Any CPU
		{A376C94F-06B0-4A8E-A72E-C9F6D2E2C382}.Release|Any CPU.ActiveCfg = Release|Any CPU
		{A376C94F-06B0-4A8E-A72E-C9F6D2E2C382}.Release|Any CPU.Build.0 = Release|Any CPU
		{D37CCD9F-9E13-4102-8E34-5898C8556EE1}.Debug|Any CPU.ActiveCfg = Debug|Any CPU
		{D37CCD9F-9E13-4102-8E34-5898C8556EE1}.Debug|Any CPU.Build.0 = Debug|Any CPU
		{D37CCD9F-9E13-4102-8E34-5898C8556EE1}.Release|Any CPU.ActiveCfg = Release|Any CPU
		{D37CCD9F-9E13-4102-8E34-5898C8556EE1}.Release|Any CPU.Build.0 = Release|Any CPU
		{8498F04D-C183-46A2-A97A-613686CCBACF}.Debug|Any CPU.ActiveCfg = Debug|Any CPU
		{8498F04D-C183-46A2-A97A-613686CCBACF}.Debug|Any CPU.Build.0 = Debug|Any CPU
		{8498F04D-C183-46A2-A97A-613686CCBACF}.Release|Any CPU.ActiveCfg = Release|Any CPU
		{8498F04D-C183-46A2-A97A-613686CCBACF}.Release|Any CPU.Build.0 = Release|Any CPU
		{1915FB5B-A9B4-445B-8325-C0F19BA602F8}.Debug|Any CPU.ActiveCfg = Debug|Any CPU
		{1915FB5B-A9B4-445B-8325-C0F19BA602F8}.Debug|Any CPU.Build.0 = Debug|Any CPU
		{1915FB5B-A9B4-445B-8325-C0F19BA602F8}.Release|Any CPU.ActiveCfg = Release|Any CPU
		{1915FB5B-A9B4-445B-8325-C0F19BA602F8}.Release|Any CPU.Build.0 = Release|Any CPU
		{9AEB0011-9E04-4358-A21A-2C5E1F0D332D}.Debug|Any CPU.ActiveCfg = Debug|Any CPU
		{9AEB0011-9E04-4358-A21A-2C5E1F0D332D}.Debug|Any CPU.Build.0 = Debug|Any CPU
		{9AEB0011-9E04-4358-A21A-2C5E1F0D332D}.Release|Any CPU.ActiveCfg = Release|Any CPU
		{9AEB0011-9E04-4358-A21A-2C5E1F0D332D}.Release|Any CPU.Build.0 = Release|Any CPU
		{23E3D5C1-03BA-427D-9279-30762EFA220F}.Debug|Any CPU.ActiveCfg = Debug|Any CPU
		{23E3D5C1-03BA-427D-9279-30762EFA220F}.Debug|Any CPU.Build.0 = Debug|Any CPU
		{23E3D5C1-03BA-427D-9279-30762EFA220F}.Release|Any CPU.ActiveCfg = Release|Any CPU
		{23E3D5C1-03BA-427D-9279-30762EFA220F}.Release|Any CPU.Build.0 = Release|Any CPU
		{344E15F1-B3FD-442A-A3EE-7B072B5FA2FA}.Debug|Any CPU.ActiveCfg = Debug|Any CPU
		{344E15F1-B3FD-442A-A3EE-7B072B5FA2FA}.Debug|Any CPU.Build.0 = Debug|Any CPU
		{344E15F1-B3FD-442A-A3EE-7B072B5FA2FA}.Release|Any CPU.ActiveCfg = Release|Any CPU
		{344E15F1-B3FD-442A-A3EE-7B072B5FA2FA}.Release|Any CPU.Build.0 = Release|Any CPU
		{A8CC1F01-296B-4E97-B636-678F2C9D90BC}.Debug|Any CPU.ActiveCfg = Debug|Any CPU
		{A8CC1F01-296B-4E97-B636-678F2C9D90BC}.Debug|Any CPU.Build.0 = Debug|Any CPU
		{A8CC1F01-296B-4E97-B636-678F2C9D90BC}.Release|Any CPU.ActiveCfg = Release|Any CPU
		{A8CC1F01-296B-4E97-B636-678F2C9D90BC}.Release|Any CPU.Build.0 = Release|Any CPU
		{161D8578-432E-4AAF-BCBC-77E521D8990E}.Debug|Any CPU.ActiveCfg = Debug|Any CPU
		{161D8578-432E-4AAF-BCBC-77E521D8990E}.Debug|Any CPU.Build.0 = Debug|Any CPU
		{161D8578-432E-4AAF-BCBC-77E521D8990E}.Release|Any CPU.ActiveCfg = Release|Any CPU
		{161D8578-432E-4AAF-BCBC-77E521D8990E}.Release|Any CPU.Build.0 = Release|Any CPU
		{0998AE33-813C-4E1F-A104-50434181A3DD}.Debug|Any CPU.ActiveCfg = Debug|Any CPU
		{0998AE33-813C-4E1F-A104-50434181A3DD}.Debug|Any CPU.Build.0 = Debug|Any CPU
		{0998AE33-813C-4E1F-A104-50434181A3DD}.Release|Any CPU.ActiveCfg = Release|Any CPU
		{0998AE33-813C-4E1F-A104-50434181A3DD}.Release|Any CPU.Build.0 = Release|Any CPU
		{3C3E2D16-4BD7-4A59-8261-7E54F30B5623}.Debug|Any CPU.ActiveCfg = Debug|Any CPU
		{3C3E2D16-4BD7-4A59-8261-7E54F30B5623}.Debug|Any CPU.Build.0 = Debug|Any CPU
		{3C3E2D16-4BD7-4A59-8261-7E54F30B5623}.Release|Any CPU.ActiveCfg = Release|Any CPU
		{3C3E2D16-4BD7-4A59-8261-7E54F30B5623}.Release|Any CPU.Build.0 = Release|Any CPU
		{B9BEDEE4-5E4F-4CD8-9EBB-06F88E723E3F}.Debug|Any CPU.ActiveCfg = Debug|Any CPU
		{B9BEDEE4-5E4F-4CD8-9EBB-06F88E723E3F}.Debug|Any CPU.Build.0 = Debug|Any CPU
		{B9BEDEE4-5E4F-4CD8-9EBB-06F88E723E3F}.Release|Any CPU.ActiveCfg = Release|Any CPU
		{B9BEDEE4-5E4F-4CD8-9EBB-06F88E723E3F}.Release|Any CPU.Build.0 = Release|Any CPU
		{98E84B4D-7C6B-4DFE-B22E-0B234F7E675C}.Debug|Any CPU.ActiveCfg = Debug|Any CPU
		{98E84B4D-7C6B-4DFE-B22E-0B234F7E675C}.Debug|Any CPU.Build.0 = Debug|Any CPU
		{98E84B4D-7C6B-4DFE-B22E-0B234F7E675C}.Release|Any CPU.ActiveCfg = Release|Any CPU
		{98E84B4D-7C6B-4DFE-B22E-0B234F7E675C}.Release|Any CPU.Build.0 = Release|Any CPU
		{465C8ECB-CF45-4B57-8AD4-B76FAE31221A}.Debug|Any CPU.ActiveCfg = Debug|Any CPU
		{465C8ECB-CF45-4B57-8AD4-B76FAE31221A}.Debug|Any CPU.Build.0 = Debug|Any CPU
		{465C8ECB-CF45-4B57-8AD4-B76FAE31221A}.Release|Any CPU.ActiveCfg = Release|Any CPU
		{465C8ECB-CF45-4B57-8AD4-B76FAE31221A}.Release|Any CPU.Build.0 = Release|Any CPU
		{861001D9-7F18-4D7B-A3CC-2F67A4A77BE0}.Debug|Any CPU.ActiveCfg = Debug|Any CPU
		{861001D9-7F18-4D7B-A3CC-2F67A4A77BE0}.Debug|Any CPU.Build.0 = Debug|Any CPU
		{861001D9-7F18-4D7B-A3CC-2F67A4A77BE0}.Release|Any CPU.ActiveCfg = Release|Any CPU
		{861001D9-7F18-4D7B-A3CC-2F67A4A77BE0}.Release|Any CPU.Build.0 = Release|Any CPU
		{FA47647C-1999-4416-A36C-6B3CC1D88724}.Debug|Any CPU.ActiveCfg = Debug|Any CPU
		{FA47647C-1999-4416-A36C-6B3CC1D88724}.Debug|Any CPU.Build.0 = Debug|Any CPU
		{FA47647C-1999-4416-A36C-6B3CC1D88724}.Release|Any CPU.ActiveCfg = Release|Any CPU
		{FA47647C-1999-4416-A36C-6B3CC1D88724}.Release|Any CPU.Build.0 = Release|Any CPU
		{DCF22B5C-4A4B-4153-906D-2CE4B567926B}.Debug|Any CPU.ActiveCfg = Debug|Any CPU
		{DCF22B5C-4A4B-4153-906D-2CE4B567926B}.Debug|Any CPU.Build.0 = Debug|Any CPU
		{DCF22B5C-4A4B-4153-906D-2CE4B567926B}.Release|Any CPU.ActiveCfg = Release|Any CPU
		{DCF22B5C-4A4B-4153-906D-2CE4B567926B}.Release|Any CPU.Build.0 = Release|Any CPU
		{6BFB0BFC-A53D-41F5-9703-FC3CE97866ED}.Debug|Any CPU.ActiveCfg = Debug|Any CPU
		{6BFB0BFC-A53D-41F5-9703-FC3CE97866ED}.Debug|Any CPU.Build.0 = Debug|Any CPU
		{6BFB0BFC-A53D-41F5-9703-FC3CE97866ED}.Release|Any CPU.ActiveCfg = Release|Any CPU
		{6BFB0BFC-A53D-41F5-9703-FC3CE97866ED}.Release|Any CPU.Build.0 = Release|Any CPU
		{02F5EB8B-1FAD-4B27-B08D-77BE28A8AE6F}.Debug|Any CPU.ActiveCfg = Debug|Any CPU
		{02F5EB8B-1FAD-4B27-B08D-77BE28A8AE6F}.Debug|Any CPU.Build.0 = Debug|Any CPU
		{02F5EB8B-1FAD-4B27-B08D-77BE28A8AE6F}.Release|Any CPU.ActiveCfg = Release|Any CPU
		{02F5EB8B-1FAD-4B27-B08D-77BE28A8AE6F}.Release|Any CPU.Build.0 = Release|Any CPU
		{263A7C12-5445-439A-85DE-05201803E1BB}.Debug|Any CPU.ActiveCfg = Debug|Any CPU
		{263A7C12-5445-439A-85DE-05201803E1BB}.Debug|Any CPU.Build.0 = Debug|Any CPU
		{263A7C12-5445-439A-85DE-05201803E1BB}.Release|Any CPU.ActiveCfg = Release|Any CPU
		{263A7C12-5445-439A-85DE-05201803E1BB}.Release|Any CPU.Build.0 = Release|Any CPU
		{7B63F2EA-5988-4E5A-BCF5-F22345D5E286}.Debug|Any CPU.ActiveCfg = Debug|Any CPU
		{7B63F2EA-5988-4E5A-BCF5-F22345D5E286}.Debug|Any CPU.Build.0 = Debug|Any CPU
		{7B63F2EA-5988-4E5A-BCF5-F22345D5E286}.Release|Any CPU.ActiveCfg = Release|Any CPU
		{7B63F2EA-5988-4E5A-BCF5-F22345D5E286}.Release|Any CPU.Build.0 = Release|Any CPU
		{8FAC3288-090F-42AF-9CFB-CCA598522DF8}.Debug|Any CPU.ActiveCfg = Debug|Any CPU
		{8FAC3288-090F-42AF-9CFB-CCA598522DF8}.Debug|Any CPU.Build.0 = Debug|Any CPU
		{8FAC3288-090F-42AF-9CFB-CCA598522DF8}.Release|Any CPU.ActiveCfg = Release|Any CPU
		{8FAC3288-090F-42AF-9CFB-CCA598522DF8}.Release|Any CPU.Build.0 = Release|Any CPU
		{D0CD8599-9F36-4EC0-BEE8-9691B9F77507}.Debug|Any CPU.ActiveCfg = Debug|Any CPU
		{D0CD8599-9F36-4EC0-BEE8-9691B9F77507}.Debug|Any CPU.Build.0 = Debug|Any CPU
		{D0CD8599-9F36-4EC0-BEE8-9691B9F77507}.Release|Any CPU.ActiveCfg = Release|Any CPU
		{D0CD8599-9F36-4EC0-BEE8-9691B9F77507}.Release|Any CPU.Build.0 = Release|Any CPU
		{E1EC7606-42C4-403B-82CB-10C9654A23ED}.Debug|Any CPU.ActiveCfg = Debug|Any CPU
		{E1EC7606-42C4-403B-82CB-10C9654A23ED}.Debug|Any CPU.Build.0 = Debug|Any CPU
		{E1EC7606-42C4-403B-82CB-10C9654A23ED}.Release|Any CPU.ActiveCfg = Release|Any CPU
		{E1EC7606-42C4-403B-82CB-10C9654A23ED}.Release|Any CPU.Build.0 = Release|Any CPU
		{A3C3905C-FADE-42BD-82B5-E8FAD2B973B0}.Debug|Any CPU.ActiveCfg = Debug|Any CPU
		{A3C3905C-FADE-42BD-82B5-E8FAD2B973B0}.Debug|Any CPU.Build.0 = Debug|Any CPU
		{A3C3905C-FADE-42BD-82B5-E8FAD2B973B0}.Release|Any CPU.ActiveCfg = Release|Any CPU
		{A3C3905C-FADE-42BD-82B5-E8FAD2B973B0}.Release|Any CPU.Build.0 = Release|Any CPU
		{F693EC91-5F85-4F09-9867-1B9EF0A3B8A4}.Debug|Any CPU.ActiveCfg = Debug|Any CPU
		{F693EC91-5F85-4F09-9867-1B9EF0A3B8A4}.Debug|Any CPU.Build.0 = Debug|Any CPU
		{F693EC91-5F85-4F09-9867-1B9EF0A3B8A4}.Release|Any CPU.ActiveCfg = Release|Any CPU
		{F693EC91-5F85-4F09-9867-1B9EF0A3B8A4}.Release|Any CPU.Build.0 = Release|Any CPU
		{C844A1B5-6A71-4606-80E1-34011B29AE55}.Debug|Any CPU.ActiveCfg = Debug|Any CPU
		{C844A1B5-6A71-4606-80E1-34011B29AE55}.Debug|Any CPU.Build.0 = Debug|Any CPU
		{C844A1B5-6A71-4606-80E1-34011B29AE55}.Release|Any CPU.ActiveCfg = Release|Any CPU
		{C844A1B5-6A71-4606-80E1-34011B29AE55}.Release|Any CPU.Build.0 = Release|Any CPU
		{B6083BBD-66F5-4630-A18C-B0EDBC130FFE}.Debug|Any CPU.ActiveCfg = Debug|Any CPU
		{B6083BBD-66F5-4630-A18C-B0EDBC130FFE}.Debug|Any CPU.Build.0 = Debug|Any CPU
		{B6083BBD-66F5-4630-A18C-B0EDBC130FFE}.Release|Any CPU.ActiveCfg = Release|Any CPU
		{B6083BBD-66F5-4630-A18C-B0EDBC130FFE}.Release|Any CPU.Build.0 = Release|Any CPU
		{739ED833-93A9-451D-B552-B81C6435DC99}.Debug|Any CPU.ActiveCfg = Debug|Any CPU
		{739ED833-93A9-451D-B552-B81C6435DC99}.Debug|Any CPU.Build.0 = Debug|Any CPU
		{739ED833-93A9-451D-B552-B81C6435DC99}.Release|Any CPU.ActiveCfg = Release|Any CPU
		{739ED833-93A9-451D-B552-B81C6435DC99}.Release|Any CPU.Build.0 = Release|Any CPU
		{6131E20D-C44F-4808-BD33-B36BCC0698B7}.Debug|Any CPU.ActiveCfg = Debug|Any CPU
		{6131E20D-C44F-4808-BD33-B36BCC0698B7}.Debug|Any CPU.Build.0 = Debug|Any CPU
		{6131E20D-C44F-4808-BD33-B36BCC0698B7}.Release|Any CPU.ActiveCfg = Release|Any CPU
		{6131E20D-C44F-4808-BD33-B36BCC0698B7}.Release|Any CPU.Build.0 = Release|Any CPU
		{1D41B2D1-8811-4E07-89D5-AC8B40EF5176}.Debug|Any CPU.ActiveCfg = Debug|Any CPU
		{1D41B2D1-8811-4E07-89D5-AC8B40EF5176}.Debug|Any CPU.Build.0 = Debug|Any CPU
		{1D41B2D1-8811-4E07-89D5-AC8B40EF5176}.Release|Any CPU.ActiveCfg = Release|Any CPU
		{1D41B2D1-8811-4E07-89D5-AC8B40EF5176}.Release|Any CPU.Build.0 = Release|Any CPU
		{C19FAEA1-0940-4F57-AB62-30C5EA1FB8F1}.Debug|Any CPU.ActiveCfg = Debug|Any CPU
		{C19FAEA1-0940-4F57-AB62-30C5EA1FB8F1}.Debug|Any CPU.Build.0 = Debug|Any CPU
		{C19FAEA1-0940-4F57-AB62-30C5EA1FB8F1}.Release|Any CPU.ActiveCfg = Release|Any CPU
		{C19FAEA1-0940-4F57-AB62-30C5EA1FB8F1}.Release|Any CPU.Build.0 = Release|Any CPU
		{CD1066B7-CFA1-47CF-8607-B26B9D2CDAF5}.Debug|Any CPU.ActiveCfg = Debug|Any CPU
		{CD1066B7-CFA1-47CF-8607-B26B9D2CDAF5}.Debug|Any CPU.Build.0 = Debug|Any CPU
		{CD1066B7-CFA1-47CF-8607-B26B9D2CDAF5}.Release|Any CPU.ActiveCfg = Release|Any CPU
		{CD1066B7-CFA1-47CF-8607-B26B9D2CDAF5}.Release|Any CPU.Build.0 = Release|Any CPU
	EndGlobalSection
	GlobalSection(SolutionProperties) = preSolution
		HideSolutionNode = FALSE
	EndGlobalSection
	GlobalSection(ExtensibilityGlobals) = postSolution
		SolutionGuid = {75BD90EE-F4B8-4E49-B81D-EE69CE235D73}
	EndGlobalSection
EndGlobal
